
Microsoft Visual Studio Solution File, Format Version 12.00
# Visual Studio 15
Project("{FAE04EC0-301F-11D3-BF4B-00C04F79EFBC}") = "2D_Roguelike", "2D_Roguelike.csproj", "{ECF240CC-D7C5-C04C-1911-DF8AA949AFF3}"
EndProject
Global
	GlobalSection(SolutionConfigurationPlatforms) = preSolution
		Debug|Any CPU = Debug|Any CPU
		Release|Any CPU = Release|Any CPU
	EndGlobalSection
	GlobalSection(ProjectConfigurationPlatforms) = postSolution
		{ECF240CC-D7C5-C04C-1911-DF8AA949AFF3}.Debug|Any CPU.ActiveCfg = Debug|Any CPU
		{ECF240CC-D7C5-C04C-1911-DF8AA949AFF3}.Debug|Any CPU.Build.0 = Debug|Any CPU
		{ECF240CC-D7C5-C04C-1911-DF8AA949AFF3}.Release|Any CPU.ActiveCfg = Release|Any CPU
		{ECF240CC-D7C5-C04C-1911-DF8AA949AFF3}.Release|Any CPU.Build.0 = Release|Any CPU
	EndGlobalSection
	GlobalSection(SolutionProperties) = preSolution
		HideSolutionNode = FALSE
	EndGlobalSection
EndGlobal
